
Microsoft Visual Studio Solution File, Format Version 12.00
# Visual Studio 14
VisualStudioVersion = 14.0.23107.0
MinimumVisualStudioVersion = 10.0.40219.1
Project("{2150E333-8FDC-42A3-9474-1A3956D46DE8}") = "Framework", "Framework", "{4D49153E-C0A7-4E3F-B874-ECF3E81A7A9F}"
EndProject
Project("{2150E333-8FDC-42A3-9474-1A3956D46DE8}") = "Samples", "Samples", "{8E9D31B8-91E9-4496-970A-5624DD45409E}"
EndProject
Project("{2150E333-8FDC-42A3-9474-1A3956D46DE8}") = ".nuget", ".nuget", "{CB59BB87-FF50-4807-863B-74B5338F5558}"
	ProjectSection(SolutionItems) = preProject
		.nuget\NuGet.Config = .nuget\NuGet.Config
		.nuget\NuGet.exe = .nuget\NuGet.exe
		.nuget\NuGet.targets = .nuget\NuGet.targets
	EndProjectSection
EndProject
Project("{2150E333-8FDC-42A3-9474-1A3956D46DE8}") = "Test", "Test", "{E1DDC61A-A690-4748-A4DD-A96018D8E5F3}"
EndProject
Project("{FAE04EC0-301F-11D3-BF4B-00C04F79EFBC}") = "HybridWebApp.Toolkit", "src\HybridWebApp.Toolkit\HybridWebApp.Toolkit.csproj", "{0179FFF5-1583-4541-BACE-E14B53562D35}"
EndProject
Project("{FAE04EC0-301F-11D3-BF4B-00C04F79EFBC}") = "HybridWebApp.Windows10", "samples\HybridWebApp.Windows10\HybridWebApp.Windows10.csproj", "{1E7DD445-4BD4-4076-B834-C301473DB13E}"
EndProject
Project("{FAE04EC0-301F-11D3-BF4B-00C04F79EFBC}") = "HybridWebApp.Framework", "src\HybridWebApp.Framework\HybridWebApp.Framework.csproj", "{F50D427B-5196-4CEF-A07C-2AEC6E6D963E}"
EndProject
Project("{FAE04EC0-301F-11D3-BF4B-00C04F79EFBC}") = "HybridWebApp.Framework.Test", "test\HybridWebApp.Framework.Test\HybridWebApp.Framework.Test.csproj", "{7745B52E-03C3-4906-8E5C-33BB6221067A}"
EndProject
Global
	GlobalSection(SolutionConfigurationPlatforms) = preSolution
		Debug|ARM = Debug|ARM
		Debug|x64 = Debug|x64
		Debug|x86 = Debug|x86
		Release|ARM = Release|ARM
		Release|x64 = Release|x64
		Release|x86 = Release|x86
	EndGlobalSection
	GlobalSection(ProjectConfigurationPlatforms) = postSolution
		{0179FFF5-1583-4541-BACE-E14B53562D35}.Debug|ARM.ActiveCfg = Debug|ARM
		{0179FFF5-1583-4541-BACE-E14B53562D35}.Debug|ARM.Build.0 = Debug|ARM
		{0179FFF5-1583-4541-BACE-E14B53562D35}.Debug|x64.ActiveCfg = Debug|x64
		{0179FFF5-1583-4541-BACE-E14B53562D35}.Debug|x64.Build.0 = Debug|x64
		{0179FFF5-1583-4541-BACE-E14B53562D35}.Debug|x86.ActiveCfg = Debug|x86
		{0179FFF5-1583-4541-BACE-E14B53562D35}.Debug|x86.Build.0 = Debug|x86
		{0179FFF5-1583-4541-BACE-E14B53562D35}.Release|ARM.ActiveCfg = Release|ARM
		{0179FFF5-1583-4541-BACE-E14B53562D35}.Release|ARM.Build.0 = Release|ARM
		{0179FFF5-1583-4541-BACE-E14B53562D35}.Release|x64.ActiveCfg = Release|x64
		{0179FFF5-1583-4541-BACE-E14B53562D35}.Release|x64.Build.0 = Release|x64
		{0179FFF5-1583-4541-BACE-E14B53562D35}.Release|x86.ActiveCfg = Release|x86
		{0179FFF5-1583-4541-BACE-E14B53562D35}.Release|x86.Build.0 = Release|x86
		{1E7DD445-4BD4-4076-B834-C301473DB13E}.Debug|ARM.ActiveCfg = Debug|ARM
		{1E7DD445-4BD4-4076-B834-C301473DB13E}.Debug|ARM.Build.0 = Debug|ARM
		{1E7DD445-4BD4-4076-B834-C301473DB13E}.Debug|ARM.Deploy.0 = Debug|ARM
		{1E7DD445-4BD4-4076-B834-C301473DB13E}.Debug|x64.ActiveCfg = Debug|x64
		{1E7DD445-4BD4-4076-B834-C301473DB13E}.Debug|x64.Build.0 = Debug|x64
		{1E7DD445-4BD4-4076-B834-C301473DB13E}.Debug|x64.Deploy.0 = Debug|x64
		{1E7DD445-4BD4-4076-B834-C301473DB13E}.Debug|x86.ActiveCfg = Debug|x86
		{1E7DD445-4BD4-4076-B834-C301473DB13E}.Debug|x86.Build.0 = Debug|x86
		{1E7DD445-4BD4-4076-B834-C301473DB13E}.Debug|x86.Deploy.0 = Debug|x86
		{1E7DD445-4BD4-4076-B834-C301473DB13E}.Release|ARM.ActiveCfg = Release|ARM
		{1E7DD445-4BD4-4076-B834-C301473DB13E}.Release|ARM.Build.0 = Release|ARM
		{1E7DD445-4BD4-4076-B834-C301473DB13E}.Release|ARM.Deploy.0 = Release|ARM
		{1E7DD445-4BD4-4076-B834-C301473DB13E}.Release|x64.ActiveCfg = Release|x64
		{1E7DD445-4BD4-4076-B834-C301473DB13E}.Release|x64.Build.0 = Release|x64
		{1E7DD445-4BD4-4076-B834-C301473DB13E}.Release|x64.Deploy.0 = Release|x64
		{1E7DD445-4BD4-4076-B834-C301473DB13E}.Release|x86.ActiveCfg = Release|x86
		{1E7DD445-4BD4-4076-B834-C301473DB13E}.Release|x86.Build.0 = Release|x86
		{1E7DD445-4BD4-4076-B834-C301473DB13E}.Release|x86.Deploy.0 = Release|x86
		{F50D427B-5196-4CEF-A07C-2AEC6E6D963E}.Debug|ARM.ActiveCfg = Debug|ARM
		{F50D427B-5196-4CEF-A07C-2AEC6E6D963E}.Debug|ARM.Build.0 = Debug|ARM
		{F50D427B-5196-4CEF-A07C-2AEC6E6D963E}.Debug|x64.ActiveCfg = Debug|x64
		{F50D427B-5196-4CEF-A07C-2AEC6E6D963E}.Debug|x64.Build.0 = Debug|x64
		{F50D427B-5196-4CEF-A07C-2AEC6E6D963E}.Debug|x86.ActiveCfg = Debug|x86
		{F50D427B-5196-4CEF-A07C-2AEC6E6D963E}.Debug|x86.Build.0 = Debug|x86
		{F50D427B-5196-4CEF-A07C-2AEC6E6D963E}.Release|ARM.ActiveCfg = Release|ARM
		{F50D427B-5196-4CEF-A07C-2AEC6E6D963E}.Release|ARM.Build.0 = Release|ARM
		{F50D427B-5196-4CEF-A07C-2AEC6E6D963E}.Release|x64.ActiveCfg = Release|x64
		{F50D427B-5196-4CEF-A07C-2AEC6E6D963E}.Release|x64.Build.0 = Release|x64
		{F50D427B-5196-4CEF-A07C-2AEC6E6D963E}.Release|x86.ActiveCfg = Release|x86
		{F50D427B-5196-4CEF-A07C-2AEC6E6D963E}.Release|x86.Build.0 = Release|x86
		{7745B52E-03C3-4906-8E5C-33BB6221067A}.Debug|ARM.ActiveCfg = Debug|ARM
		{7745B52E-03C3-4906-8E5C-33BB6221067A}.Debug|ARM.Build.0 = Debug|ARM
		{7745B52E-03C3-4906-8E5C-33BB6221067A}.Debug|x64.ActiveCfg = Debug|x64
		{7745B52E-03C3-4906-8E5C-33BB6221067A}.Debug|x64.Build.0 = Debug|x64
		{7745B52E-03C3-4906-8E5C-33BB6221067A}.Debug|x86.ActiveCfg = Debug|x86
		{7745B52E-03C3-4906-8E5C-33BB6221067A}.Debug|x86.Build.0 = Debug|x86
		{7745B52E-03C3-4906-8E5C-33BB6221067A}.Release|ARM.ActiveCfg = Release|ARM
		{7745B52E-03C3-4906-8E5C-33BB6221067A}.Release|ARM.Build.0 = Release|ARM
		{7745B52E-03C3-4906-8E5C-33BB6221067A}.Release|x64.ActiveCfg = Release|x64
		{7745B52E-03C3-4906-8E5C-33BB6221067A}.Release|x64.Build.0 = Release|x64
		{7745B52E-03C3-4906-8E5C-33BB6221067A}.Release|x86.ActiveCfg = Release|x86
		{7745B52E-03C3-4906-8E5C-33BB6221067A}.Release|x86.Build.0 = Release|x86
	EndGlobalSection
	GlobalSection(SolutionProperties) = preSolution
		HideSolutionNode = FALSE
	EndGlobalSection
	GlobalSection(NestedProjects) = preSolution
		{0179FFF5-1583-4541-BACE-E14B53562D35} = {4D49153E-C0A7-4E3F-B874-ECF3E81A7A9F}
		{1E7DD445-4BD4-4076-B834-C301473DB13E} = {8E9D31B8-91E9-4496-970A-5624DD45409E}
		{F50D427B-5196-4CEF-A07C-2AEC6E6D963E} = {4D49153E-C0A7-4E3F-B874-ECF3E81A7A9F}
		{7745B52E-03C3-4906-8E5C-33BB6221067A} = {E1DDC61A-A690-4748-A4DD-A96018D8E5F3}
	EndGlobalSection
EndGlobal
